// !$*UTF8*$!
{
	archiveVersion = 1;
	classes = {
	};
	objectVersion = 50;
	objects = {

/* Begin PBXBuildFile section */
		041A8DC2219924E6005FDD2A /* AppDelegate.m in Sources */ = {isa = PBXBuildFile; fileRef = 041A8DC1219924E6005FDD2A /* AppDelegate.m */; };
		041A8DC5219924E6005FDD2A /* ViewController.m in Sources */ = {isa = PBXBuildFile; fileRef = 041A8DC4219924E6005FDD2A /* ViewController.m */; };
		041A8DC8219924E6005FDD2A /* Main.storyboard in Resources */ = {isa = PBXBuildFile; fileRef = 041A8DC6219924E6005FDD2A /* Main.storyboard */; };
		041A8DCA219924E9005FDD2A /* Assets.xcassets in Resources */ = {isa = PBXBuildFile; fileRef = 041A8DC9219924E9005FDD2A /* Assets.xcassets */; };
		041A8DCD219924E9005FDD2A /* LaunchScreen.storyboard in Resources */ = {isa = PBXBuildFile; fileRef = 041A8DCB219924E9005FDD2A /* LaunchScreen.storyboard */; };
		041A8DD0219924E9005FDD2A /* main.m in Sources */ = {isa = PBXBuildFile; fileRef = 041A8DCF219924E9005FDD2A /* main.m */; };
		041A8DD421992596005FDD2A /* test.mov in Resources */ = {isa = PBXBuildFile; fileRef = 04A2C158218AED6B0066995E /* test.mov */; };
		041A8DD721992BCA005FDD2A /* SLPlayerView.m in Sources */ = {isa = PBXBuildFile; fileRef = 041A8DD621992BCA005FDD2A /* SLPlayerView.m */; };
		0477D5B221A2AD0B00D0FF59 /* TestButton.m in Sources */ = {isa = PBXBuildFile; fileRef = 0477D5B121A2AD0B00D0FF59 /* TestButton.m */; };
		049C91DD219A842500274BC2 /* AppDelegate.m in Sources */ = {isa = PBXBuildFile; fileRef = 049C91DC219A842500274BC2 /* AppDelegate.m */; };
		049C91E0219A842500274BC2 /* ViewController.m in Sources */ = {isa = PBXBuildFile; fileRef = 049C91DF219A842500274BC2 /* ViewController.m */; };
		049C91E3219A842500274BC2 /* Main.storyboard in Resources */ = {isa = PBXBuildFile; fileRef = 049C91E1219A842500274BC2 /* Main.storyboard */; };
		049C91E5219A842B00274BC2 /* Assets.xcassets in Resources */ = {isa = PBXBuildFile; fileRef = 049C91E4219A842B00274BC2 /* Assets.xcassets */; };
		049C91E8219A842B00274BC2 /* LaunchScreen.storyboard in Resources */ = {isa = PBXBuildFile; fileRef = 049C91E6219A842B00274BC2 /* LaunchScreen.storyboard */; };
		049C91EB219A842B00274BC2 /* main.m in Sources */ = {isa = PBXBuildFile; fileRef = 049C91EA219A842B00274BC2 /* main.m */; };
		04A2C159218AED6B0066995E /* test.mov in Resources */ = {isa = PBXBuildFile; fileRef = 04A2C158218AED6B0066995E /* test.mov */; };
		B191F1DB2187F25F00B68E06 /* AppDelegate.m in Sources */ = {isa = PBXBuildFile; fileRef = B191F1DA2187F25F00B68E06 /* AppDelegate.m */; };
		B191F1DE2187F25F00B68E06 /* ViewController.m in Sources */ = {isa = PBXBuildFile; fileRef = B191F1DD2187F25F00B68E06 /* ViewController.m */; };
		B191F1E12187F25F00B68E06 /* Main.storyboard in Resources */ = {isa = PBXBuildFile; fileRef = B191F1DF2187F25F00B68E06 /* Main.storyboard */; };
		B191F1E32187F26000B68E06 /* Assets.xcassets in Resources */ = {isa = PBXBuildFile; fileRef = B191F1E22187F26000B68E06 /* Assets.xcassets */; };
		B191F1E62187F26000B68E06 /* LaunchScreen.storyboard in Resources */ = {isa = PBXBuildFile; fileRef = B191F1E42187F26000B68E06 /* LaunchScreen.storyboard */; };
		B191F1E92187F26000B68E06 /* main.m in Sources */ = {isa = PBXBuildFile; fileRef = B191F1E82187F26000B68E06 /* main.m */; };
		B191F1F72188000100B68E06 /* AppDelegate.m in Sources */ = {isa = PBXBuildFile; fileRef = B191F1F62188000100B68E06 /* AppDelegate.m */; };
		B191F1FA2188000200B68E06 /* ViewController.m in Sources */ = {isa = PBXBuildFile; fileRef = B191F1F92188000200B68E06 /* ViewController.m */; };
		B191F1FD2188000200B68E06 /* Main.storyboard in Resources */ = {isa = PBXBuildFile; fileRef = B191F1FB2188000200B68E06 /* Main.storyboard */; };
		B191F1FF2188000200B68E06 /* Assets.xcassets in Resources */ = {isa = PBXBuildFile; fileRef = B191F1FE2188000200B68E06 /* Assets.xcassets */; };
		B191F2022188000200B68E06 /* LaunchScreen.storyboard in Resources */ = {isa = PBXBuildFile; fileRef = B191F2002188000200B68E06 /* LaunchScreen.storyboard */; };
		B191F2052188000200B68E06 /* main.m in Sources */ = {isa = PBXBuildFile; fileRef = B191F2042188000200B68E06 /* main.m */; };
		B191F20D2188002300B68E06 /* drums.caf in Resources */ = {isa = PBXBuildFile; fileRef = B191F20A2188002300B68E06 /* drums.caf */; };
		B191F20E2188002300B68E06 /* guitar.caf in Resources */ = {isa = PBXBuildFile; fileRef = B191F20B2188002300B68E06 /* guitar.caf */; };
		B191F20F2188002300B68E06 /* bass.caf in Resources */ = {isa = PBXBuildFile; fileRef = B191F20C2188002300B68E06 /* bass.caf */; };
		B19B7FC32188077E0072E5AD /* awake.wav in Resources */ = {isa = PBXBuildFile; fileRef = B19B7FC22188077E0072E5AD /* awake.wav */; };
		B1DE7DCE2188AC71000A16EB /* AppDelegate.m in Sources */ = {isa = PBXBuildFile; fileRef = B1DE7DCD2188AC71000A16EB /* AppDelegate.m */; };
		B1DE7DD12188AC71000A16EB /* ViewController.m in Sources */ = {isa = PBXBuildFile; fileRef = B1DE7DD02188AC71000A16EB /* ViewController.m */; };
		B1DE7DD42188AC71000A16EB /* Main.storyboard in Resources */ = {isa = PBXBuildFile; fileRef = B1DE7DD22188AC71000A16EB /* Main.storyboard */; };
		B1DE7DD62188AC72000A16EB /* Assets.xcassets in Resources */ = {isa = PBXBuildFile; fileRef = B1DE7DD52188AC72000A16EB /* Assets.xcassets */; };
		B1DE7DD92188AC72000A16EB /* LaunchScreen.storyboard in Resources */ = {isa = PBXBuildFile; fileRef = B1DE7DD72188AC72000A16EB /* LaunchScreen.storyboard */; };
		B1DE7DDC2188AC72000A16EB /* main.m in Sources */ = {isa = PBXBuildFile; fileRef = B1DE7DDB2188AC72000A16EB /* main.m */; };
		E931DEA321AED756002E8303 /* AppDelegate.m in Sources */ = {isa = PBXBuildFile; fileRef = E931DEA221AED756002E8303 /* AppDelegate.m */; };
		E931DEA621AED756002E8303 /* ViewController.m in Sources */ = {isa = PBXBuildFile; fileRef = E931DEA521AED756002E8303 /* ViewController.m */; };
		E931DEA921AED756002E8303 /* Main.storyboard in Resources */ = {isa = PBXBuildFile; fileRef = E931DEA721AED756002E8303 /* Main.storyboard */; };
		E931DEAB21AED758002E8303 /* Assets.xcassets in Resources */ = {isa = PBXBuildFile; fileRef = E931DEAA21AED758002E8303 /* Assets.xcassets */; };
		E931DEAE21AED758002E8303 /* LaunchScreen.storyboard in Resources */ = {isa = PBXBuildFile; fileRef = E931DEAC21AED758002E8303 /* LaunchScreen.storyboard */; };
		E931DEB121AED758002E8303 /* main.m in Sources */ = {isa = PBXBuildFile; fileRef = E931DEB021AED758002E8303 /* main.m */; };
		E931DEB521AEE005002E8303 /* test.mov in Resources */ = {isa = PBXBuildFile; fileRef = 04A2C158218AED6B0066995E /* test.mov */; };
/* End PBXBuildFile section */

/* Begin PBXFileReference section */
		041A8DBE219924E6005FDD2A /* AVPlayer.app */ = {isa = PBXFileReference; explicitFileType = wrapper.application; includeInIndex = 0; path = AVPlayer.app; sourceTree = BUILT_PRODUCTS_DIR; };
		041A8DC0219924E6005FDD2A /* AppDelegate.h */ = {isa = PBXFileReference; lastKnownFileType = sourcecode.c.h; path = AppDelegate.h; sourceTree = "<group>"; };
		041A8DC1219924E6005FDD2A /* AppDelegate.m */ = {isa = PBXFileReference; lastKnownFileType = sourcecode.c.objc; path = AppDelegate.m; sourceTree = "<group>"; };
		041A8DC3219924E6005FDD2A /* ViewController.h */ = {isa = PBXFileReference; lastKnownFileType = sourcecode.c.h; path = ViewController.h; sourceTree = "<group>"; };
		041A8DC4219924E6005FDD2A /* ViewController.m */ = {isa = PBXFileReference; lastKnownFileType = sourcecode.c.objc; path = ViewController.m; sourceTree = "<group>"; };
		041A8DC7219924E6005FDD2A /* Base */ = {isa = PBXFileReference; lastKnownFileType = file.storyboard; name = Base; path = Base.lproj/Main.storyboard; sourceTree = "<group>"; };
		041A8DC9219924E9005FDD2A /* Assets.xcassets */ = {isa = PBXFileReference; lastKnownFileType = folder.assetcatalog; path = Assets.xcassets; sourceTree = "<group>"; };
		041A8DCC219924E9005FDD2A /* Base */ = {isa = PBXFileReference; lastKnownFileType = file.storyboard; name = Base; path = Base.lproj/LaunchScreen.storyboard; sourceTree = "<group>"; };
		041A8DCE219924E9005FDD2A /* Info.plist */ = {isa = PBXFileReference; lastKnownFileType = text.plist.xml; path = Info.plist; sourceTree = "<group>"; };
		041A8DCF219924E9005FDD2A /* main.m */ = {isa = PBXFileReference; lastKnownFileType = sourcecode.c.objc; path = main.m; sourceTree = "<group>"; };
		041A8DD521992BCA005FDD2A /* SLPlayerView.h */ = {isa = PBXFileReference; lastKnownFileType = sourcecode.c.h; path = SLPlayerView.h; sourceTree = "<group>"; };
		041A8DD621992BCA005FDD2A /* SLPlayerView.m */ = {isa = PBXFileReference; lastKnownFileType = sourcecode.c.objc; path = SLPlayerView.m; sourceTree = "<group>"; };
		0477D5B021A2AD0B00D0FF59 /* TestButton.h */ = {isa = PBXFileReference; lastKnownFileType = sourcecode.c.h; path = TestButton.h; sourceTree = "<group>"; };
		0477D5B121A2AD0B00D0FF59 /* TestButton.m */ = {isa = PBXFileReference; lastKnownFileType = sourcecode.c.objc; path = TestButton.m; sourceTree = "<group>"; };
		049C91D9219A842500274BC2 /* AVCaptureDevice.app */ = {isa = PBXFileReference; explicitFileType = wrapper.application; includeInIndex = 0; path = AVCaptureDevice.app; sourceTree = BUILT_PRODUCTS_DIR; };
		049C91DB219A842500274BC2 /* AppDelegate.h */ = {isa = PBXFileReference; lastKnownFileType = sourcecode.c.h; path = AppDelegate.h; sourceTree = "<group>"; };
		049C91DC219A842500274BC2 /* AppDelegate.m */ = {isa = PBXFileReference; lastKnownFileType = sourcecode.c.objc; path = AppDelegate.m; sourceTree = "<group>"; };
		049C91DE219A842500274BC2 /* ViewController.h */ = {isa = PBXFileReference; lastKnownFileType = sourcecode.c.h; path = ViewController.h; sourceTree = "<group>"; };
		049C91DF219A842500274BC2 /* ViewController.m */ = {isa = PBXFileReference; lastKnownFileType = sourcecode.c.objc; path = ViewController.m; sourceTree = "<group>"; };
		049C91E2219A842500274BC2 /* Base */ = {isa = PBXFileReference; lastKnownFileType = file.storyboard; name = Base; path = Base.lproj/Main.storyboard; sourceTree = "<group>"; };
		049C91E4219A842B00274BC2 /* Assets.xcassets */ = {isa = PBXFileReference; lastKnownFileType = folder.assetcatalog; path = Assets.xcassets; sourceTree = "<group>"; };
		049C91E7219A842B00274BC2 /* Base */ = {isa = PBXFileReference; lastKnownFileType = file.storyboard; name = Base; path = Base.lproj/LaunchScreen.storyboard; sourceTree = "<group>"; };
		049C91E9219A842B00274BC2 /* Info.plist */ = {isa = PBXFileReference; lastKnownFileType = text.plist.xml; path = Info.plist; sourceTree = "<group>"; };
		049C91EA219A842B00274BC2 /* main.m */ = {isa = PBXFileReference; lastKnownFileType = sourcecode.c.objc; path = main.m; sourceTree = "<group>"; };
		04A2C158218AED6B0066995E /* test.mov */ = {isa = PBXFileReference; lastKnownFileType = video.quicktime; path = test.mov; sourceTree = "<group>"; };
		B191F1D62187F25F00B68E06 /* AVFoundationTest.app */ = {isa = PBXFileReference; explicitFileType = wrapper.application; includeInIndex = 0; path = AVFoundationTest.app; sourceTree = BUILT_PRODUCTS_DIR; };
		B191F1D92187F25F00B68E06 /* AppDelegate.h */ = {isa = PBXFileReference; lastKnownFileType = sourcecode.c.h; path = AppDelegate.h; sourceTree = "<group>"; };
		B191F1DA2187F25F00B68E06 /* AppDelegate.m */ = {isa = PBXFileReference; lastKnownFileType = sourcecode.c.objc; path = AppDelegate.m; sourceTree = "<group>"; };
		B191F1DC2187F25F00B68E06 /* ViewController.h */ = {isa = PBXFileReference; lastKnownFileType = sourcecode.c.h; path = ViewController.h; sourceTree = "<group>"; };
		B191F1DD2187F25F00B68E06 /* ViewController.m */ = {isa = PBXFileReference; lastKnownFileType = sourcecode.c.objc; path = ViewController.m; sourceTree = "<group>"; };
		B191F1E02187F25F00B68E06 /* Base */ = {isa = PBXFileReference; lastKnownFileType = file.storyboard; name = Base; path = Base.lproj/Main.storyboard; sourceTree = "<group>"; };
		B191F1E22187F26000B68E06 /* Assets.xcassets */ = {isa = PBXFileReference; lastKnownFileType = folder.assetcatalog; path = Assets.xcassets; sourceTree = "<group>"; };
		B191F1E52187F26000B68E06 /* Base */ = {isa = PBXFileReference; lastKnownFileType = file.storyboard; name = Base; path = Base.lproj/LaunchScreen.storyboard; sourceTree = "<group>"; };
		B191F1E72187F26000B68E06 /* Info.plist */ = {isa = PBXFileReference; lastKnownFileType = text.plist.xml; path = Info.plist; sourceTree = "<group>"; };
		B191F1E82187F26000B68E06 /* main.m */ = {isa = PBXFileReference; lastKnownFileType = sourcecode.c.objc; path = main.m; sourceTree = "<group>"; };
		B191F1F32188000100B68E06 /* Audio.app */ = {isa = PBXFileReference; explicitFileType = wrapper.application; includeInIndex = 0; path = Audio.app; sourceTree = BUILT_PRODUCTS_DIR; };
		B191F1F52188000100B68E06 /* AppDelegate.h */ = {isa = PBXFileReference; lastKnownFileType = sourcecode.c.h; path = AppDelegate.h; sourceTree = "<group>"; };
		B191F1F62188000100B68E06 /* AppDelegate.m */ = {isa = PBXFileReference; lastKnownFileType = sourcecode.c.objc; path = AppDelegate.m; sourceTree = "<group>"; };
		B191F1F82188000100B68E06 /* ViewController.h */ = {isa = PBXFileReference; lastKnownFileType = sourcecode.c.h; path = ViewController.h; sourceTree = "<group>"; };
		B191F1F92188000200B68E06 /* ViewController.m */ = {isa = PBXFileReference; lastKnownFileType = sourcecode.c.objc; path = ViewController.m; sourceTree = "<group>"; };
		B191F1FC2188000200B68E06 /* Base */ = {isa = PBXFileReference; lastKnownFileType = file.storyboard; name = Base; path = Base.lproj/Main.storyboard; sourceTree = "<group>"; };
		B191F1FE2188000200B68E06 /* Assets.xcassets */ = {isa = PBXFileReference; lastKnownFileType = folder.assetcatalog; path = Assets.xcassets; sourceTree = "<group>"; };
		B191F2012188000200B68E06 /* Base */ = {isa = PBXFileReference; lastKnownFileType = file.storyboard; name = Base; path = Base.lproj/LaunchScreen.storyboard; sourceTree = "<group>"; };
		B191F2032188000200B68E06 /* Info.plist */ = {isa = PBXFileReference; lastKnownFileType = text.plist.xml; path = Info.plist; sourceTree = "<group>"; };
		B191F2042188000200B68E06 /* main.m */ = {isa = PBXFileReference; lastKnownFileType = sourcecode.c.objc; path = main.m; sourceTree = "<group>"; };
		B191F20A2188002300B68E06 /* drums.caf */ = {isa = PBXFileReference; lastKnownFileType = file; path = drums.caf; sourceTree = "<group>"; };
		B191F20B2188002300B68E06 /* guitar.caf */ = {isa = PBXFileReference; lastKnownFileType = file; path = guitar.caf; sourceTree = "<group>"; };
		B191F20C2188002300B68E06 /* bass.caf */ = {isa = PBXFileReference; lastKnownFileType = file; path = bass.caf; sourceTree = "<group>"; };
		B19B7FC22188077E0072E5AD /* awake.wav */ = {isa = PBXFileReference; lastKnownFileType = audio.wav; path = awake.wav; sourceTree = "<group>"; };
		B1DE7DCA2188AC71000A16EB /* AVAsset.app */ = {isa = PBXFileReference; explicitFileType = wrapper.application; includeInIndex = 0; path = AVAsset.app; sourceTree = BUILT_PRODUCTS_DIR; };
		B1DE7DCC2188AC71000A16EB /* AppDelegate.h */ = {isa = PBXFileReference; lastKnownFileType = sourcecode.c.h; path = AppDelegate.h; sourceTree = "<group>"; };
		B1DE7DCD2188AC71000A16EB /* AppDelegate.m */ = {isa = PBXFileReference; lastKnownFileType = sourcecode.c.objc; path = AppDelegate.m; sourceTree = "<group>"; };
		B1DE7DCF2188AC71000A16EB /* ViewController.h */ = {isa = PBXFileReference; lastKnownFileType = sourcecode.c.h; path = ViewController.h; sourceTree = "<group>"; };
		B1DE7DD02188AC71000A16EB /* ViewController.m */ = {isa = PBXFileReference; lastKnownFileType = sourcecode.c.objc; path = ViewController.m; sourceTree = "<group>"; };
		B1DE7DD32188AC71000A16EB /* Base */ = {isa = PBXFileReference; lastKnownFileType = file.storyboard; name = Base; path = Base.lproj/Main.storyboard; sourceTree = "<group>"; };
		B1DE7DD52188AC72000A16EB /* Assets.xcassets */ = {isa = PBXFileReference; lastKnownFileType = folder.assetcatalog; path = Assets.xcassets; sourceTree = "<group>"; };
		B1DE7DD82188AC72000A16EB /* Base */ = {isa = PBXFileReference; lastKnownFileType = file.storyboard; name = Base; path = Base.lproj/LaunchScreen.storyboard; sourceTree = "<group>"; };
		B1DE7DDA2188AC72000A16EB /* Info.plist */ = {isa = PBXFileReference; lastKnownFileType = text.plist.xml; path = Info.plist; sourceTree = "<group>"; };
		B1DE7DDB2188AC72000A16EB /* main.m */ = {isa = PBXFileReference; lastKnownFileType = sourcecode.c.objc; path = main.m; sourceTree = "<group>"; };
		E931DE9F21AED756002E8303 /* 读取和写入媒体.app */ = {isa = PBXFileReference; explicitFileType = wrapper.application; includeInIndex = 0; path = "读取和写入媒体.app"; sourceTree = BUILT_PRODUCTS_DIR; };
		E931DEA121AED756002E8303 /* AppDelegate.h */ = {isa = PBXFileReference; lastKnownFileType = sourcecode.c.h; path = AppDelegate.h; sourceTree = "<group>"; };
		E931DEA221AED756002E8303 /* AppDelegate.m */ = {isa = PBXFileReference; lastKnownFileType = sourcecode.c.objc; path = AppDelegate.m; sourceTree = "<group>"; };
		E931DEA421AED756002E8303 /* ViewController.h */ = {isa = PBXFileReference; lastKnownFileType = sourcecode.c.h; path = ViewController.h; sourceTree = "<group>"; };
		E931DEA521AED756002E8303 /* ViewController.m */ = {isa = PBXFileReference; lastKnownFileType = sourcecode.c.objc; path = ViewController.m; sourceTree = "<group>"; };
		E931DEA821AED756002E8303 /* Base */ = {isa = PBXFileReference; lastKnownFileType = file.storyboard; name = Base; path = Base.lproj/Main.storyboard; sourceTree = "<group>"; };
		E931DEAA21AED758002E8303 /* Assets.xcassets */ = {isa = PBXFileReference; lastKnownFileType = folder.assetcatalog; path = Assets.xcassets; sourceTree = "<group>"; };
		E931DEAD21AED758002E8303 /* Base */ = {isa = PBXFileReference; lastKnownFileType = file.storyboard; name = Base; path = Base.lproj/LaunchScreen.storyboard; sourceTree = "<group>"; };
		E931DEAF21AED758002E8303 /* Info.plist */ = {isa = PBXFileReference; lastKnownFileType = text.plist.xml; path = Info.plist; sourceTree = "<group>"; };
		E931DEB021AED758002E8303 /* main.m */ = {isa = PBXFileReference; lastKnownFileType = sourcecode.c.objc; path = main.m; sourceTree = "<group>"; };
/* End PBXFileReference section */

/* Begin PBXFrameworksBuildPhase section */
		041A8DBB219924E6005FDD2A /* Frameworks */ = {
			isa = PBXFrameworksBuildPhase;
			buildActionMask = 2147483647;
			files = (
			);
			runOnlyForDeploymentPostprocessing = 0;
		};
		049C91D6219A842500274BC2 /* Frameworks */ = {
			isa = PBXFrameworksBuildPhase;
			buildActionMask = 2147483647;
			files = (
			);
			runOnlyForDeploymentPostprocessing = 0;
		};
		B191F1D32187F25F00B68E06 /* Frameworks */ = {
			isa = PBXFrameworksBuildPhase;
			buildActionMask = 2147483647;
			files = (
			);
			runOnlyForDeploymentPostprocessing = 0;
		};
		B191F1F02188000100B68E06 /* Frameworks */ = {
			isa = PBXFrameworksBuildPhase;
			buildActionMask = 2147483647;
			files = (
			);
			runOnlyForDeploymentPostprocessing = 0;
		};
		B1DE7DC72188AC71000A16EB /* Frameworks */ = {
			isa = PBXFrameworksBuildPhase;
			buildActionMask = 2147483647;
			files = (
			);
			runOnlyForDeploymentPostprocessing = 0;
		};
		E931DE9C21AED756002E8303 /* Frameworks */ = {
			isa = PBXFrameworksBuildPhase;
			buildActionMask = 2147483647;
			files = (
			);
			runOnlyForDeploymentPostprocessing = 0;
		};
/* End PBXFrameworksBuildPhase section */

/* Begin PBXGroup section */
		041A8DBF219924E6005FDD2A /* AVPlayer */ = {
			isa = PBXGroup;
			children = (
				041A8DC0219924E6005FDD2A /* AppDelegate.h */,
				041A8DC1219924E6005FDD2A /* AppDelegate.m */,
				041A8DC3219924E6005FDD2A /* ViewController.h */,
				041A8DC4219924E6005FDD2A /* ViewController.m */,
				041A8DD521992BCA005FDD2A /* SLPlayerView.h */,
				041A8DD621992BCA005FDD2A /* SLPlayerView.m */,
				041A8DC6219924E6005FDD2A /* Main.storyboard */,
				041A8DC9219924E9005FDD2A /* Assets.xcassets */,
				041A8DCB219924E9005FDD2A /* LaunchScreen.storyboard */,
				041A8DCE219924E9005FDD2A /* Info.plist */,
				041A8DCF219924E9005FDD2A /* main.m */,
			);
			path = AVPlayer;
			sourceTree = "<group>";
		};
		049C91DA219A842500274BC2 /* AVCaptureDevice */ = {
			isa = PBXGroup;
			children = (
				049C91DB219A842500274BC2 /* AppDelegate.h */,
				049C91DC219A842500274BC2 /* AppDelegate.m */,
				049C91DE219A842500274BC2 /* ViewController.h */,
				049C91DF219A842500274BC2 /* ViewController.m */,
				0477D5B021A2AD0B00D0FF59 /* TestButton.h */,
				0477D5B121A2AD0B00D0FF59 /* TestButton.m */,
				049C91E1219A842500274BC2 /* Main.storyboard */,
				049C91E4219A842B00274BC2 /* Assets.xcassets */,
				049C91E6219A842B00274BC2 /* LaunchScreen.storyboard */,
				049C91E9219A842B00274BC2 /* Info.plist */,
				049C91EA219A842B00274BC2 /* main.m */,
			);
			path = AVCaptureDevice;
			sourceTree = "<group>";
		};
		B191F1CD2187F25F00B68E06 = {
			isa = PBXGroup;
			children = (
				B191F1D82187F25F00B68E06 /* AVFoundationTest */,
				B191F1F42188000100B68E06 /* Audio */,
				B1DE7DCB2188AC71000A16EB /* AVAsset */,
				041A8DBF219924E6005FDD2A /* AVPlayer */,
				049C91DA219A842500274BC2 /* AVCaptureDevice */,
				E931DEA021AED756002E8303 /* 读取和写入媒体 */,
				B191F1D72187F25F00B68E06 /* Products */,
			);
			sourceTree = "<group>";
		};
		B191F1D72187F25F00B68E06 /* Products */ = {
			isa = PBXGroup;
			children = (
				B191F1D62187F25F00B68E06 /* AVFoundationTest.app */,
				B191F1F32188000100B68E06 /* Audio.app */,
				B1DE7DCA2188AC71000A16EB /* AVAsset.app */,
				041A8DBE219924E6005FDD2A /* AVPlayer.app */,
				049C91D9219A842500274BC2 /* AVCaptureDevice.app */,
				E931DE9F21AED756002E8303 /* 读取和写入媒体.app */,
			);
			name = Products;
			sourceTree = "<group>";
		};
		B191F1D82187F25F00B68E06 /* AVFoundationTest */ = {
			isa = PBXGroup;
			children = (
				B191F1D92187F25F00B68E06 /* AppDelegate.h */,
				B191F1DA2187F25F00B68E06 /* AppDelegate.m */,
				B191F1DC2187F25F00B68E06 /* ViewController.h */,
				B191F1DD2187F25F00B68E06 /* ViewController.m */,
				B191F1DF2187F25F00B68E06 /* Main.storyboard */,
				B191F1E22187F26000B68E06 /* Assets.xcassets */,
				B191F1E42187F26000B68E06 /* LaunchScreen.storyboard */,
				B191F1E72187F26000B68E06 /* Info.plist */,
				B191F1E82187F26000B68E06 /* main.m */,
			);
			path = AVFoundationTest;
			sourceTree = "<group>";
		};
		B191F1F42188000100B68E06 /* Audio */ = {
			isa = PBXGroup;
			children = (
				B191F2092188002300B68E06 /* source */,
				B191F1F52188000100B68E06 /* AppDelegate.h */,
				B191F1F62188000100B68E06 /* AppDelegate.m */,
				B191F1F82188000100B68E06 /* ViewController.h */,
				B191F1F92188000200B68E06 /* ViewController.m */,
				B191F1FB2188000200B68E06 /* Main.storyboard */,
				B191F1FE2188000200B68E06 /* Assets.xcassets */,
				B191F2002188000200B68E06 /* LaunchScreen.storyboard */,
				B191F2032188000200B68E06 /* Info.plist */,
				B191F2042188000200B68E06 /* main.m */,
			);
			path = Audio;
			sourceTree = "<group>";
		};
		B191F2092188002300B68E06 /* source */ = {
			isa = PBXGroup;
			children = (
				B19B7FC22188077E0072E5AD /* awake.wav */,
				B191F20A2188002300B68E06 /* drums.caf */,
				B191F20B2188002300B68E06 /* guitar.caf */,
				B191F20C2188002300B68E06 /* bass.caf */,
			);
			path = source;
			sourceTree = "<group>";
		};
		B1DE7DCB2188AC71000A16EB /* AVAsset */ = {
			isa = PBXGroup;
			children = (
				04A2C158218AED6B0066995E /* test.mov */,
				B1DE7DCC2188AC71000A16EB /* AppDelegate.h */,
				B1DE7DCD2188AC71000A16EB /* AppDelegate.m */,
				B1DE7DCF2188AC71000A16EB /* ViewController.h */,
				B1DE7DD02188AC71000A16EB /* ViewController.m */,
				B1DE7DD22188AC71000A16EB /* Main.storyboard */,
				B1DE7DD52188AC72000A16EB /* Assets.xcassets */,
				B1DE7DD72188AC72000A16EB /* LaunchScreen.storyboard */,
				B1DE7DDA2188AC72000A16EB /* Info.plist */,
				B1DE7DDB2188AC72000A16EB /* main.m */,
			);
			path = AVAsset;
			sourceTree = "<group>";
		};
		E931DEA021AED756002E8303 /* 读取和写入媒体 */ = {
			isa = PBXGroup;
			children = (
				E931DEA121AED756002E8303 /* AppDelegate.h */,
				E931DEA221AED756002E8303 /* AppDelegate.m */,
				E931DEA421AED756002E8303 /* ViewController.h */,
				E931DEA521AED756002E8303 /* ViewController.m */,
				E931DEA721AED756002E8303 /* Main.storyboard */,
				E931DEAA21AED758002E8303 /* Assets.xcassets */,
				E931DEAC21AED758002E8303 /* LaunchScreen.storyboard */,
				E931DEAF21AED758002E8303 /* Info.plist */,
				E931DEB021AED758002E8303 /* main.m */,
			);
			path = "读取和写入媒体";
			sourceTree = "<group>";
		};
/* End PBXGroup section */

/* Begin PBXNativeTarget section */
		041A8DBD219924E6005FDD2A /* AVPlayer */ = {
			isa = PBXNativeTarget;
			buildConfigurationList = 041A8DD3219924E9005FDD2A /* Build configuration list for PBXNativeTarget "AVPlayer" */;
			buildPhases = (
				041A8DBA219924E6005FDD2A /* Sources */,
				041A8DBB219924E6005FDD2A /* Frameworks */,
				041A8DBC219924E6005FDD2A /* Resources */,
			);
			buildRules = (
			);
			dependencies = (
			);
			name = AVPlayer;
			productName = AVPlayer;
			productReference = 041A8DBE219924E6005FDD2A /* AVPlayer.app */;
			productType = "com.apple.product-type.application";
		};
		049C91D8219A842500274BC2 /* AVCaptureDevice */ = {
			isa = PBXNativeTarget;
			buildConfigurationList = 049C91EE219A842B00274BC2 /* Build configuration list for PBXNativeTarget "AVCaptureDevice" */;
			buildPhases = (
				049C91D5219A842500274BC2 /* Sources */,
				049C91D6219A842500274BC2 /* Frameworks */,
				049C91D7219A842500274BC2 /* Resources */,
			);
			buildRules = (
			);
			dependencies = (
			);
			name = AVCaptureDevice;
			productName = AVCaptureDevice;
			productReference = 049C91D9219A842500274BC2 /* AVCaptureDevice.app */;
			productType = "com.apple.product-type.application";
		};
		B191F1D52187F25F00B68E06 /* AVFoundationTest */ = {
			isa = PBXNativeTarget;
			buildConfigurationList = B191F1EC2187F26000B68E06 /* Build configuration list for PBXNativeTarget "AVFoundationTest" */;
			buildPhases = (
				B191F1D22187F25F00B68E06 /* Sources */,
				B191F1D32187F25F00B68E06 /* Frameworks */,
				B191F1D42187F25F00B68E06 /* Resources */,
			);
			buildRules = (
			);
			dependencies = (
			);
			name = AVFoundationTest;
			productName = AVFoundationTest;
			productReference = B191F1D62187F25F00B68E06 /* AVFoundationTest.app */;
			productType = "com.apple.product-type.application";
		};
		B191F1F22188000100B68E06 /* Audio */ = {
			isa = PBXNativeTarget;
			buildConfigurationList = B191F2062188000200B68E06 /* Build configuration list for PBXNativeTarget "Audio" */;
			buildPhases = (
				B191F1EF2188000100B68E06 /* Sources */,
				B191F1F02188000100B68E06 /* Frameworks */,
				B191F1F12188000100B68E06 /* Resources */,
			);
			buildRules = (
			);
			dependencies = (
			);
			name = Audio;
			productName = Audio;
			productReference = B191F1F32188000100B68E06 /* Audio.app */;
			productType = "com.apple.product-type.application";
		};
		B1DE7DC92188AC71000A16EB /* AVAsset */ = {
			isa = PBXNativeTarget;
			buildConfigurationList = B1DE7DDF2188AC72000A16EB /* Build configuration list for PBXNativeTarget "AVAsset" */;
			buildPhases = (
				B1DE7DC62188AC71000A16EB /* Sources */,
				B1DE7DC72188AC71000A16EB /* Frameworks */,
				B1DE7DC82188AC71000A16EB /* Resources */,
			);
			buildRules = (
			);
			dependencies = (
			);
			name = AVAsset;
			productName = AVAsset;
			productReference = B1DE7DCA2188AC71000A16EB /* AVAsset.app */;
			productType = "com.apple.product-type.application";
		};
		E931DE9E21AED756002E8303 /* 读取和写入媒体 */ = {
			isa = PBXNativeTarget;
			buildConfigurationList = E931DEB421AED758002E8303 /* Build configuration list for PBXNativeTarget "读取和写入媒体" */;
			buildPhases = (
				E931DE9B21AED756002E8303 /* Sources */,
				E931DE9C21AED756002E8303 /* Frameworks */,
				E931DE9D21AED756002E8303 /* Resources */,
			);
			buildRules = (
			);
			dependencies = (
			);
			name = "读取和写入媒体";
			productName = "读取和写入媒体";
			productReference = E931DE9F21AED756002E8303 /* 读取和写入媒体.app */;
			productType = "com.apple.product-type.application";
		};
/* End PBXNativeTarget section */

/* Begin PBXProject section */
		B191F1CE2187F25F00B68E06 /* Project object */ = {
			isa = PBXProject;
			attributes = {
				LastUpgradeCheck = 1010;
				ORGANIZATIONNAME = FengMap;
				TargetAttributes = {
					041A8DBD219924E6005FDD2A = {
						CreatedOnToolsVersion = 10.1;
					};
					049C91D8219A842500274BC2 = {
						CreatedOnToolsVersion = 10.1;
					};
					B191F1D52187F25F00B68E06 = {
						CreatedOnToolsVersion = 10.1;
					};
					B191F1F22188000100B68E06 = {
						CreatedOnToolsVersion = 10.1;
					};
					B1DE7DC92188AC71000A16EB = {
						CreatedOnToolsVersion = 10.1;
					};
					E931DE9E21AED756002E8303 = {
						CreatedOnToolsVersion = 10.1;
					};
				};
			};
			buildConfigurationList = B191F1D12187F25F00B68E06 /* Build configuration list for PBXProject "AVFoundationTest" */;
			compatibilityVersion = "Xcode 9.3";
			developmentRegion = en;
			hasScannedForEncodings = 0;
			knownRegions = (
				en,
				Base,
			);
			mainGroup = B191F1CD2187F25F00B68E06;
			productRefGroup = B191F1D72187F25F00B68E06 /* Products */;
			projectDirPath = "";
			projectRoot = "";
			targets = (
				B191F1D52187F25F00B68E06 /* AVFoundationTest */,
				B191F1F22188000100B68E06 /* Audio */,
				B1DE7DC92188AC71000A16EB /* AVAsset */,
				041A8DBD219924E6005FDD2A /* AVPlayer */,
				049C91D8219A842500274BC2 /* AVCaptureDevice */,
				E931DE9E21AED756002E8303 /* 读取和写入媒体 */,
			);
		};
/* End PBXProject section */

/* Begin PBXResourcesBuildPhase section */
		041A8DBC219924E6005FDD2A /* Resources */ = {
			isa = PBXResourcesBuildPhase;
			buildActionMask = 2147483647;
			files = (
				041A8DD421992596005FDD2A /* test.mov in Resources */,
				041A8DCD219924E9005FDD2A /* LaunchScreen.storyboard in Resources */,
				041A8DCA219924E9005FDD2A /* Assets.xcassets in Resources */,
				041A8DC8219924E6005FDD2A /* Main.storyboard in Resources */,
			);
			runOnlyForDeploymentPostprocessing = 0;
		};
		049C91D7219A842500274BC2 /* Resources */ = {
			isa = PBXResourcesBuildPhase;
			buildActionMask = 2147483647;
			files = (
				049C91E8219A842B00274BC2 /* LaunchScreen.storyboard in Resources */,
				049C91E5219A842B00274BC2 /* Assets.xcassets in Resources */,
				049C91E3219A842500274BC2 /* Main.storyboard in Resources */,
			);
			runOnlyForDeploymentPostprocessing = 0;
		};
		B191F1D42187F25F00B68E06 /* Resources */ = {
			isa = PBXResourcesBuildPhase;
			buildActionMask = 2147483647;
			files = (
				B191F1E62187F26000B68E06 /* LaunchScreen.storyboard in Resources */,
				B191F1E32187F26000B68E06 /* Assets.xcassets in Resources */,
				B191F1E12187F25F00B68E06 /* Main.storyboard in Resources */,
			);
			runOnlyForDeploymentPostprocessing = 0;
		};
		B191F1F12188000100B68E06 /* Resources */ = {
			isa = PBXResourcesBuildPhase;
			buildActionMask = 2147483647;
			files = (
				B191F20E2188002300B68E06 /* guitar.caf in Resources */,
				B191F20D2188002300B68E06 /* drums.caf in Resources */,
				B19B7FC32188077E0072E5AD /* awake.wav in Resources */,
				B191F2022188000200B68E06 /* LaunchScreen.storyboard in Resources */,
				B191F20F2188002300B68E06 /* bass.caf in Resources */,
				B191F1FF2188000200B68E06 /* Assets.xcassets in Resources */,
				B191F1FD2188000200B68E06 /* Main.storyboard in Resources */,
			);
			runOnlyForDeploymentPostprocessing = 0;
		};
		B1DE7DC82188AC71000A16EB /* Resources */ = {
			isa = PBXResourcesBuildPhase;
			buildActionMask = 2147483647;
			files = (
				04A2C159218AED6B0066995E /* test.mov in Resources */,
				B1DE7DD92188AC72000A16EB /* LaunchScreen.storyboard in Resources */,
				B1DE7DD62188AC72000A16EB /* Assets.xcassets in Resources */,
				B1DE7DD42188AC71000A16EB /* Main.storyboard in Resources */,
			);
			runOnlyForDeploymentPostprocessing = 0;
		};
		E931DE9D21AED756002E8303 /* Resources */ = {
			isa = PBXResourcesBuildPhase;
			buildActionMask = 2147483647;
			files = (
				E931DEB521AEE005002E8303 /* test.mov in Resources */,
				E931DEAE21AED758002E8303 /* LaunchScreen.storyboard in Resources */,
				E931DEAB21AED758002E8303 /* Assets.xcassets in Resources */,
				E931DEA921AED756002E8303 /* Main.storyboard in Resources */,
			);
			runOnlyForDeploymentPostprocessing = 0;
		};
/* End PBXResourcesBuildPhase section */

/* Begin PBXSourcesBuildPhase section */
		041A8DBA219924E6005FDD2A /* Sources */ = {
			isa = PBXSourcesBuildPhase;
			buildActionMask = 2147483647;
			files = (
				041A8DD721992BCA005FDD2A /* SLPlayerView.m in Sources */,
				041A8DC5219924E6005FDD2A /* ViewController.m in Sources */,
				041A8DD0219924E9005FDD2A /* main.m in Sources */,
				041A8DC2219924E6005FDD2A /* AppDelegate.m in Sources */,
			);
			runOnlyForDeploymentPostprocessing = 0;
		};
		049C91D5219A842500274BC2 /* Sources */ = {
			isa = PBXSourcesBuildPhase;
			buildActionMask = 2147483647;
			files = (
				049C91E0219A842500274BC2 /* ViewController.m in Sources */,
				049C91EB219A842B00274BC2 /* main.m in Sources */,
				049C91DD219A842500274BC2 /* AppDelegate.m in Sources */,
				0477D5B221A2AD0B00D0FF59 /* TestButton.m in Sources */,
			);
			runOnlyForDeploymentPostprocessing = 0;
		};
		B191F1D22187F25F00B68E06 /* Sources */ = {
			isa = PBXSourcesBuildPhase;
			buildActionMask = 2147483647;
			files = (
				B191F1DE2187F25F00B68E06 /* ViewController.m in Sources */,
				B191F1E92187F26000B68E06 /* main.m in Sources */,
				B191F1DB2187F25F00B68E06 /* AppDelegate.m in Sources */,
			);
			runOnlyForDeploymentPostprocessing = 0;
		};
		B191F1EF2188000100B68E06 /* Sources */ = {
			isa = PBXSourcesBuildPhase;
			buildActionMask = 2147483647;
			files = (
				B191F1FA2188000200B68E06 /* ViewController.m in Sources */,
				B191F2052188000200B68E06 /* main.m in Sources */,
				B191F1F72188000100B68E06 /* AppDelegate.m in Sources */,
			);
			runOnlyForDeploymentPostprocessing = 0;
		};
		B1DE7DC62188AC71000A16EB /* Sources */ = {
			isa = PBXSourcesBuildPhase;
			buildActionMask = 2147483647;
			files = (
				B1DE7DD12188AC71000A16EB /* ViewController.m in Sources */,
				B1DE7DDC2188AC72000A16EB /* main.m in Sources */,
				B1DE7DCE2188AC71000A16EB /* AppDelegate.m in Sources */,
			);
			runOnlyForDeploymentPostprocessing = 0;
		};
		E931DE9B21AED756002E8303 /* Sources */ = {
			isa = PBXSourcesBuildPhase;
			buildActionMask = 2147483647;
			files = (
				E931DEA621AED756002E8303 /* ViewController.m in Sources */,
				E931DEB121AED758002E8303 /* main.m in Sources */,
				E931DEA321AED756002E8303 /* AppDelegate.m in Sources */,
			);
			runOnlyForDeploymentPostprocessing = 0;
		};
/* End PBXSourcesBuildPhase section */

/* Begin PBXVariantGroup section */
		041A8DC6219924E6005FDD2A /* Main.storyboard */ = {
			isa = PBXVariantGroup;
			children = (
				041A8DC7219924E6005FDD2A /* Base */,
			);
			name = Main.storyboard;
			sourceTree = "<group>";
		};
		041A8DCB219924E9005FDD2A /* LaunchScreen.storyboard */ = {
			isa = PBXVariantGroup;
			children = (
				041A8DCC219924E9005FDD2A /* Base */,
			);
			name = LaunchScreen.storyboard;
			sourceTree = "<group>";
		};
		049C91E1219A842500274BC2 /* Main.storyboard */ = {
			isa = PBXVariantGroup;
			children = (
				049C91E2219A842500274BC2 /* Base */,
			);
			name = Main.storyboard;
			sourceTree = "<group>";
		};
		049C91E6219A842B00274BC2 /* LaunchScreen.storyboard */ = {
			isa = PBXVariantGroup;
			children = (
				049C91E7219A842B00274BC2 /* Base */,
			);
			name = LaunchScreen.storyboard;
			sourceTree = "<group>";
		};
		B191F1DF2187F25F00B68E06 /* Main.storyboard */ = {
			isa = PBXVariantGroup;
			children = (
				B191F1E02187F25F00B68E06 /* Base */,
			);
			name = Main.storyboard;
			sourceTree = "<group>";
		};
		B191F1E42187F26000B68E06 /* LaunchScreen.storyboard */ = {
			isa = PBXVariantGroup;
			children = (
				B191F1E52187F26000B68E06 /* Base */,
			);
			name = LaunchScreen.storyboard;
			sourceTree = "<group>";
		};
		B191F1FB2188000200B68E06 /* Main.storyboard */ = {
			isa = PBXVariantGroup;
			children = (
				B191F1FC2188000200B68E06 /* Base */,
			);
			name = Main.storyboard;
			sourceTree = "<group>";
		};
		B191F2002188000200B68E06 /* LaunchScreen.storyboard */ = {
			isa = PBXVariantGroup;
			children = (
				B191F2012188000200B68E06 /* Base */,
			);
			name = LaunchScreen.storyboard;
			sourceTree = "<group>";
		};
		B1DE7DD22188AC71000A16EB /* Main.storyboard */ = {
			isa = PBXVariantGroup;
			children = (
				B1DE7DD32188AC71000A16EB /* Base */,
			);
			name = Main.storyboard;
			sourceTree = "<group>";
		};
		B1DE7DD72188AC72000A16EB /* LaunchScreen.storyboard */ = {
			isa = PBXVariantGroup;
			children = (
				B1DE7DD82188AC72000A16EB /* Base */,
			);
			name = LaunchScreen.storyboard;
			sourceTree = "<group>";
		};
		E931DEA721AED756002E8303 /* Main.storyboard */ = {
			isa = PBXVariantGroup;
			children = (
				E931DEA821AED756002E8303 /* Base */,
			);
			name = Main.storyboard;
			sourceTree = "<group>";
		};
		E931DEAC21AED758002E8303 /* LaunchScreen.storyboard */ = {
			isa = PBXVariantGroup;
			children = (
				E931DEAD21AED758002E8303 /* Base */,
			);
			name = LaunchScreen.storyboard;
			sourceTree = "<group>";
		};
/* End PBXVariantGroup section */

/* Begin XCBuildConfiguration section */
		041A8DD1219924E9005FDD2A /* Debug */ = {
			isa = XCBuildConfiguration;
			buildSettings = {
				ASSETCATALOG_COMPILER_APPICON_NAME = AppIcon;
				CODE_SIGN_STYLE = Automatic;
				INFOPLIST_FILE = AVPlayer/Info.plist;
				LD_RUNPATH_SEARCH_PATHS = (
					"$(inherited)",
					"@executable_path/Frameworks",
				);
				PRODUCT_BUNDLE_IDENTIFIER = Test.AVPlayer;
				PRODUCT_NAME = "$(TARGET_NAME)";
				TARGETED_DEVICE_FAMILY = "1,2";
			};
			name = Debug;
		};
		041A8DD2219924E9005FDD2A /* Release */ = {
			isa = XCBuildConfiguration;
			buildSettings = {
				ASSETCATALOG_COMPILER_APPICON_NAME = AppIcon;
				CODE_SIGN_STYLE = Automatic;
				INFOPLIST_FILE = AVPlayer/Info.plist;
				LD_RUNPATH_SEARCH_PATHS = (
					"$(inherited)",
					"@executable_path/Frameworks",
				);
				PRODUCT_BUNDLE_IDENTIFIER = Test.AVPlayer;
				PRODUCT_NAME = "$(TARGET_NAME)";
				TARGETED_DEVICE_FAMILY = "1,2";
			};
			name = Release;
		};
		049C91EC219A842B00274BC2 /* Debug */ = {
			isa = XCBuildConfiguration;
			buildSettings = {
				ASSETCATALOG_COMPILER_APPICON_NAME = AppIcon;
				CODE_SIGN_STYLE = Automatic;
				DEVELOPMENT_TEAM = BWZ8Q938XQ;
				INFOPLIST_FILE = AVCaptureDevice/Info.plist;
				IPHONEOS_DEPLOYMENT_TARGET = 10.0;
				LD_RUNPATH_SEARCH_PATHS = (
					"$(inherited)",
					"@executable_path/Frameworks",
				);
				PRODUCT_BUNDLE_IDENTIFIER = Test.AVCaptureDevice;
				PRODUCT_NAME = "$(TARGET_NAME)";
				TARGETED_DEVICE_FAMILY = "1,2";
			};
			name = Debug;
		};
		049C91ED219A842B00274BC2 /* Release */ = {
			isa = XCBuildConfiguration;
			buildSettings = {
				ASSETCATALOG_COMPILER_APPICON_NAME = AppIcon;
				CODE_SIGN_STYLE = Automatic;
				DEVELOPMENT_TEAM = BWZ8Q938XQ;
				INFOPLIST_FILE = AVCaptureDevice/Info.plist;
				IPHONEOS_DEPLOYMENT_TARGET = 10.0;
				LD_RUNPATH_SEARCH_PATHS = (
					"$(inherited)",
					"@executable_path/Frameworks",
				);
				PRODUCT_BUNDLE_IDENTIFIER = Test.AVCaptureDevice;
				PRODUCT_NAME = "$(TARGET_NAME)";
				TARGETED_DEVICE_FAMILY = "1,2";
			};
			name = Release;
		};
		B191F1EA2187F26000B68E06 /* Debug */ = {
			isa = XCBuildConfiguration;
			buildSettings = {
				ALWAYS_SEARCH_USER_PATHS = NO;
				CLANG_ANALYZER_NONNULL = YES;
				CLANG_ANALYZER_NUMBER_OBJECT_CONVERSION = YES_AGGRESSIVE;
				CLANG_CXX_LANGUAGE_STANDARD = "gnu++14";
				CLANG_CXX_LIBRARY = "libc++";
				CLANG_ENABLE_MODULES = YES;
				CLANG_ENABLE_OBJC_ARC = YES;
				CLANG_ENABLE_OBJC_WEAK = YES;
				CLANG_WARN_BLOCK_CAPTURE_AUTORELEASING = YES;
				CLANG_WARN_BOOL_CONVERSION = YES;
				CLANG_WARN_COMMA = YES;
				CLANG_WARN_CONSTANT_CONVERSION = YES;
				CLANG_WARN_DEPRECATED_OBJC_IMPLEMENTATIONS = YES;
				CLANG_WARN_DIRECT_OBJC_ISA_USAGE = YES_ERROR;
				CLANG_WARN_DOCUMENTATION_COMMENTS = YES;
				CLANG_WARN_EMPTY_BODY = YES;
				CLANG_WARN_ENUM_CONVERSION = YES;
				CLANG_WARN_INFINITE_RECURSION = YES;
				CLANG_WARN_INT_CONVERSION = YES;
				CLANG_WARN_NON_LITERAL_NULL_CONVERSION = YES;
				CLANG_WARN_OBJC_IMPLICIT_RETAIN_SELF = YES;
				CLANG_WARN_OBJC_LITERAL_CONVERSION = YES;
				CLANG_WARN_OBJC_ROOT_CLASS = YES_ERROR;
				CLANG_WARN_RANGE_LOOP_ANALYSIS = YES;
				CLANG_WARN_STRICT_PROTOTYPES = YES;
				CLANG_WARN_SUSPICIOUS_MOVE = YES;
				CLANG_WARN_UNGUARDED_AVAILABILITY = YES_AGGRESSIVE;
				CLANG_WARN_UNREACHABLE_CODE = YES;
				CLANG_WARN__DUPLICATE_METHOD_MATCH = YES;
				CODE_SIGN_IDENTITY = "iPhone Developer";
				COPY_PHASE_STRIP = NO;
				DEBUG_INFORMATION_FORMAT = dwarf;
				ENABLE_STRICT_OBJC_MSGSEND = YES;
				ENABLE_TESTABILITY = YES;
				GCC_C_LANGUAGE_STANDARD = gnu11;
				GCC_DYNAMIC_NO_PIC = NO;
				GCC_NO_COMMON_BLOCKS = YES;
				GCC_OPTIMIZATION_LEVEL = 0;
				GCC_PREPROCESSOR_DEFINITIONS = (
					"DEBUG=1",
					"$(inherited)",
				);
				GCC_WARN_64_TO_32_BIT_CONVERSION = YES;
				GCC_WARN_ABOUT_RETURN_TYPE = YES_ERROR;
				GCC_WARN_UNDECLARED_SELECTOR = YES;
				GCC_WARN_UNINITIALIZED_AUTOS = YES_AGGRESSIVE;
				GCC_WARN_UNUSED_FUNCTION = YES;
				GCC_WARN_UNUSED_VARIABLE = YES;
				IPHONEOS_DEPLOYMENT_TARGET = 12.1;
				MTL_ENABLE_DEBUG_INFO = INCLUDE_SOURCE;
				MTL_FAST_MATH = YES;
				ONLY_ACTIVE_ARCH = YES;
				SDKROOT = iphoneos;
			};
			name = Debug;
		};
		B191F1EB2187F26000B68E06 /* Release */ = {
			isa = XCBuildConfiguration;
			buildSettings = {
				ALWAYS_SEARCH_USER_PATHS = NO;
				CLANG_ANALYZER_NONNULL = YES;
				CLANG_ANALYZER_NUMBER_OBJECT_CONVERSION = YES_AGGRESSIVE;
				CLANG_CXX_LANGUAGE_STANDARD = "gnu++14";
				CLANG_CXX_LIBRARY = "libc++";
				CLANG_ENABLE_MODULES = YES;
				CLANG_ENABLE_OBJC_ARC = YES;
				CLANG_ENABLE_OBJC_WEAK = YES;
				CLANG_WARN_BLOCK_CAPTURE_AUTORELEASING = YES;
				CLANG_WARN_BOOL_CONVERSION = YES;
				CLANG_WARN_COMMA = YES;
				CLANG_WARN_CONSTANT_CONVERSION = YES;
				CLANG_WARN_DEPRECATED_OBJC_IMPLEMENTATIONS = YES;
				CLANG_WARN_DIRECT_OBJC_ISA_USAGE = YES_ERROR;
				CLANG_WARN_DOCUMENTATION_COMMENTS = YES;
				CLANG_WARN_EMPTY_BODY = YES;
				CLANG_WARN_ENUM_CONVERSION = YES;
				CLANG_WARN_INFINITE_RECURSION = YES;
				CLANG_WARN_INT_CONVERSION = YES;
				CLANG_WARN_NON_LITERAL_NULL_CONVERSION = YES;
				CLANG_WARN_OBJC_IMPLICIT_RETAIN_SELF = YES;
				CLANG_WARN_OBJC_LITERAL_CONVERSION = YES;
				CLANG_WARN_OBJC_ROOT_CLASS = YES_ERROR;
				CLANG_WARN_RANGE_LOOP_ANALYSIS = YES;
				CLANG_WARN_STRICT_PROTOTYPES = YES;
				CLANG_WARN_SUSPICIOUS_MOVE = YES;
				CLANG_WARN_UNGUARDED_AVAILABILITY = YES_AGGRESSIVE;
				CLANG_WARN_UNREACHABLE_CODE = YES;
				CLANG_WARN__DUPLICATE_METHOD_MATCH = YES;
				CODE_SIGN_IDENTITY = "iPhone Developer";
				COPY_PHASE_STRIP = NO;
				DEBUG_INFORMATION_FORMAT = "dwarf-with-dsym";
				ENABLE_NS_ASSERTIONS = NO;
				ENABLE_STRICT_OBJC_MSGSEND = YES;
				GCC_C_LANGUAGE_STANDARD = gnu11;
				GCC_NO_COMMON_BLOCKS = YES;
				GCC_WARN_64_TO_32_BIT_CONVERSION = YES;
				GCC_WARN_ABOUT_RETURN_TYPE = YES_ERROR;
				GCC_WARN_UNDECLARED_SELECTOR = YES;
				GCC_WARN_UNINITIALIZED_AUTOS = YES_AGGRESSIVE;
				GCC_WARN_UNUSED_FUNCTION = YES;
				GCC_WARN_UNUSED_VARIABLE = YES;
				IPHONEOS_DEPLOYMENT_TARGET = 12.1;
				MTL_ENABLE_DEBUG_INFO = NO;
				MTL_FAST_MATH = YES;
				SDKROOT = iphoneos;
				VALIDATE_PRODUCT = YES;
			};
			name = Release;
		};
		B191F1ED2187F26000B68E06 /* Debug */ = {
			isa = XCBuildConfiguration;
			buildSettings = {
				ASSETCATALOG_COMPILER_APPICON_NAME = AppIcon;
				CODE_SIGN_STYLE = Automatic;
				DEVELOPMENT_TEAM = BWZ8Q938XQ;
				INFOPLIST_FILE = AVFoundationTest/Info.plist;
				LD_RUNPATH_SEARCH_PATHS = (
					"$(inherited)",
					"@executable_path/Frameworks",
				);
				PRODUCT_BUNDLE_IDENTIFIER = FengMap.AVFoundationTest;
				PRODUCT_NAME = "$(TARGET_NAME)";
				TARGETED_DEVICE_FAMILY = "1,2";
			};
			name = Debug;
		};
		B191F1EE2187F26000B68E06 /* Release */ = {
			isa = XCBuildConfiguration;
			buildSettings = {
				ASSETCATALOG_COMPILER_APPICON_NAME = AppIcon;
				CODE_SIGN_STYLE = Automatic;
				DEVELOPMENT_TEAM = BWZ8Q938XQ;
				INFOPLIST_FILE = AVFoundationTest/Info.plist;
				LD_RUNPATH_SEARCH_PATHS = (
					"$(inherited)",
					"@executable_path/Frameworks",
				);
				PRODUCT_BUNDLE_IDENTIFIER = FengMap.AVFoundationTest;
				PRODUCT_NAME = "$(TARGET_NAME)";
				TARGETED_DEVICE_FAMILY = "1,2";
			};
			name = Release;
		};
		B191F2072188000200B68E06 /* Debug */ = {
			isa = XCBuildConfiguration;
			buildSettings = {
				ASSETCATALOG_COMPILER_APPICON_NAME = AppIcon;
				CODE_SIGN_STYLE = Automatic;
				DEVELOPMENT_TEAM = BWZ8Q938XQ;
				INFOPLIST_FILE = Audio/Info.plist;
				IPHONEOS_DEPLOYMENT_TARGET = 9.1;
				LD_RUNPATH_SEARCH_PATHS = (
					"$(inherited)",
					"@executable_path/Frameworks",
				);
				PRODUCT_BUNDLE_IDENTIFIER = FengMap.Audio;
				PRODUCT_NAME = "$(TARGET_NAME)";
				TARGETED_DEVICE_FAMILY = "1,2";
			};
			name = Debug;
		};
		B191F2082188000200B68E06 /* Release */ = {
			isa = XCBuildConfiguration;
			buildSettings = {
				ASSETCATALOG_COMPILER_APPICON_NAME = AppIcon;
				CODE_SIGN_STYLE = Automatic;
				DEVELOPMENT_TEAM = BWZ8Q938XQ;
				INFOPLIST_FILE = Audio/Info.plist;
				IPHONEOS_DEPLOYMENT_TARGET = 9.1;
				LD_RUNPATH_SEARCH_PATHS = (
					"$(inherited)",
					"@executable_path/Frameworks",
				);
				PRODUCT_BUNDLE_IDENTIFIER = FengMap.Audio;
				PRODUCT_NAME = "$(TARGET_NAME)";
				TARGETED_DEVICE_FAMILY = "1,2";
			};
			name = Release;
		};
		B1DE7DDD2188AC72000A16EB /* Debug */ = {
			isa = XCBuildConfiguration;
			buildSettings = {
				ASSETCATALOG_COMPILER_APPICON_NAME = AppIcon;
				CODE_SIGN_STYLE = Automatic;
				DEVELOPMENT_TEAM = BWZ8Q938XQ;
				INFOPLIST_FILE = AVAsset/Info.plist;
				LD_RUNPATH_SEARCH_PATHS = (
					"$(inherited)",
					"@executable_path/Frameworks",
				);
				PRODUCT_BUNDLE_IDENTIFIER = FengMap.AVAsset;
				PRODUCT_NAME = "$(TARGET_NAME)";
				TARGETED_DEVICE_FAMILY = "1,2";
			};
			name = Debug;
		};
		B1DE7DDE2188AC72000A16EB /* Release */ = {
			isa = XCBuildConfiguration;
			buildSettings = {
				ASSETCATALOG_COMPILER_APPICON_NAME = AppIcon;
				CODE_SIGN_STYLE = Automatic;
				DEVELOPMENT_TEAM = BWZ8Q938XQ;
				INFOPLIST_FILE = AVAsset/Info.plist;
				LD_RUNPATH_SEARCH_PATHS = (
					"$(inherited)",
					"@executable_path/Frameworks",
				);
				PRODUCT_BUNDLE_IDENTIFIER = FengMap.AVAsset;
				PRODUCT_NAME = "$(TARGET_NAME)";
				TARGETED_DEVICE_FAMILY = "1,2";
			};
			name = Release;
		};
		E931DEB221AED758002E8303 /* Debug */ = {
			isa = XCBuildConfiguration;
			buildSettings = {
				ASSETCATALOG_COMPILER_APPICON_NAME = AppIcon;
				CODE_SIGN_STYLE = Automatic;
				DEVELOPMENT_TEAM = BWZ8Q938XQ;
				INFOPLIST_FILE = "读取和写入媒体/Info.plist";
				LD_RUNPATH_SEARCH_PATHS = (
					"$(inherited)",
					"@executable_path/Frameworks",
				);
				PRODUCT_BUNDLE_IDENTIFIER = "smallLabel.-------";
				PRODUCT_NAME = "$(TARGET_NAME)";
				TARGETED_DEVICE_FAMILY = "1,2";
			};
			name = Debug;
		};
		E931DEB321AED758002E8303 /* Release */ = {
			isa = XCBuildConfiguration;
			buildSettings = {
				ASSETCATALOG_COMPILER_APPICON_NAME = AppIcon;
				CODE_SIGN_STYLE = Automatic;
				DEVELOPMENT_TEAM = BWZ8Q938XQ;
				INFOPLIST_FILE = "读取和写入媒体/Info.plist";
				LD_RUNPATH_SEARCH_PATHS = (
					"$(inherited)",
					"@executable_path/Frameworks",
				);
				PRODUCT_BUNDLE_IDENTIFIER = "smallLabel.-------";
				PRODUCT_NAME = "$(TARGET_NAME)";
				TARGETED_DEVICE_FAMILY = "1,2";
			};
			name = Release;
		};
/* End XCBuildConfiguration section */

/* Begin XCConfigurationList section */
		041A8DD3219924E9005FDD2A /* Build configuration list for PBXNativeTarget "AVPlayer" */ = {
			isa = XCConfigurationList;
			buildConfigurations = (
				041A8DD1219924E9005FDD2A /* Debug */,
				041A8DD2219924E9005FDD2A /* Release */,
			);
			defaultConfigurationIsVisible = 0;
			defaultConfigurationName = Release;
		};
		049C91EE219A842B00274BC2 /* Build configuration list for PBXNativeTarget "AVCaptureDevice" */ = {
			isa = XCConfigurationList;
			buildConfigurations = (
				049C91EC219A842B00274BC2 /* Debug */,
				049C91ED219A842B00274BC2 /* Release */,
			);
			defaultConfigurationIsVisible = 0;
			defaultConfigurationName = Release;
		};
		B191F1D12187F25F00B68E06 /* Build configuration list for PBXProject "AVFoundationTest" */ = {
			isa = XCConfigurationList;
			buildConfigurations = (
				B191F1EA2187F26000B68E06 /* Debug */,
				B191F1EB2187F26000B68E06 /* Release */,
			);
			defaultConfigurationIsVisible = 0;
			defaultConfigurationName = Release;
		};
		B191F1EC2187F26000B68E06 /* Build configuration list for PBXNativeTarget "AVFoundationTest" */ = {
			isa = XCConfigurationList;
			buildConfigurations = (
				B191F1ED2187F26000B68E06 /* Debug */,
				B191F1EE2187F26000B68E06 /* Release */,
			);
			defaultConfigurationIsVisible = 0;
			defaultConfigurationName = Release;
		};
		B191F2062188000200B68E06 /* Build configuration list for PBXNativeTarget "Audio" */ = {
			isa = XCConfigurationList;
			buildConfigurations = (
				B191F2072188000200B68E06 /* Debug */,
				B191F2082188000200B68E06 /* Release */,
			);
			defaultConfigurationIsVisible = 0;
			defaultConfigurationName = Release;
		};
		B1DE7DDF2188AC72000A16EB /* Build configuration list for PBXNativeTarget "AVAsset" */ = {
			isa = XCConfigurationList;
			buildConfigurations = (
				B1DE7DDD2188AC72000A16EB /* Debug */,
				B1DE7DDE2188AC72000A16EB /* Release */,
			);
			defaultConfigurationIsVisible = 0;
			defaultConfigurationName = Release;
		};
		E931DEB421AED758002E8303 /* Build configuration list for PBXNativeTarget "读取和写入媒体" */ = {
			isa = XCConfigurationList;
			buildConfigurations = (
				E931DEB221AED758002E8303 /* Debug */,
				E931DEB321AED758002E8303 /* Release */,
			);
			defaultConfigurationIsVisible = 0;
			defaultConfigurationName = Release;
		};
/* End XCConfigurationList section */
	};
	rootObject = B191F1CE2187F25F00B68E06 /* Project object */;
}
